
Microsoft Visual Studio Solution File, Format Version 12.00
# Visual Studio Version 17
VisualStudioVersion = 17.11.35327.3
MinimumVisualStudioVersion = 10.0.40219.1
Project("{FAE04EC0-301F-11D3-BF4B-00C04F79EFBC}") = "TranManAnh_31231023342", "TranManAnh_31231023342\TranManAnh_31231023342.csproj", "{3DBBA9FB-1DAD-4955-8554-6D1606681711}"
EndProject
Global
	GlobalSection(SolutionConfigurationPlatforms) = preSolution
		Debug|Any CPU = Debug|Any CPU
		Release|Any CPU = Release|Any CPU
	EndGlobalSection
	GlobalSection(ProjectConfigurationPlatforms) = postSolution
		{3DBBA9FB-1DAD-4955-8554-6D1606681711}.Debug|Any CPU.ActiveCfg = Debug|Any CPU
		{3DBBA9FB-1DAD-4955-8554-6D1606681711}.Debug|Any CPU.Build.0 = Debug|Any CPU
		{3DBBA9FB-1DAD-4955-8554-6D1606681711}.Release|Any CPU.ActiveCfg = Release|Any CPU
		{3DBBA9FB-1DAD-4955-8554-6D1606681711}.Release|Any CPU.Build.0 = Release|Any CPU
	EndGlobalSection
	GlobalSection(SolutionProperties) = preSolution
		HideSolutionNode = FALSE
	EndGlobalSection
	GlobalSection(ExtensibilityGlobals) = postSolution
		SolutionGuid = {B15324D6-7812-4661-91C2-6C66FDAEDEBB}
	EndGlobalSection
EndGlobal
